
Microsoft Visual Studio Solution File, Format Version 12.00
# Visual Studio Version 17
VisualStudioVersion = 17.0.31903.59
MinimumVisualStudioVersion = 10.0.40219.1
Project("{FAE04EC0-301F-11D3-BF4B-00C04F79EFBC}") = "ConsoleUI", "ConsoleUI\ConsoleUI.csproj", "{54F45724-7D0D-4D62-BF86-7A0AC90671C9}"
EndProject
Project("{FAE04EC0-301F-11D3-BF4B-00C04F79EFBC}") = "MainLib", "MainLib\MainLib.csproj", "{01BDBF44-6126-44CC-A251-B6E91E9290F9}"
EndProject
Project("{FAE04EC0-301F-11D3-BF4B-00C04F79EFBC}") = "InterpreterLib", "InterpreterLib\InterpreterLib.csproj", "{26906EA2-D01F-4ABD-9F97-46E77531AFF5}"
EndProject
Global
	GlobalSection(SolutionConfigurationPlatforms) = preSolution
		Debug|Any CPU = Debug|Any CPU
		Release|Any CPU = Release|Any CPU
	EndGlobalSection
	GlobalSection(SolutionProperties) = preSolution
		HideSolutionNode = FALSE
	EndGlobalSection
	GlobalSection(ProjectConfigurationPlatforms) = postSolution
		{54F45724-7D0D-4D62-BF86-7A0AC90671C9}.Debug|Any CPU.ActiveCfg = Debug|Any CPU
		{54F45724-7D0D-4D62-BF86-7A0AC90671C9}.Debug|Any CPU.Build.0 = Debug|Any CPU
		{54F45724-7D0D-4D62-BF86-7A0AC90671C9}.Release|Any CPU.ActiveCfg = Release|Any CPU
		{54F45724-7D0D-4D62-BF86-7A0AC90671C9}.Release|Any CPU.Build.0 = Release|Any CPU
		{01BDBF44-6126-44CC-A251-B6E91E9290F9}.Debug|Any CPU.ActiveCfg = Debug|Any CPU
		{01BDBF44-6126-44CC-A251-B6E91E9290F9}.Debug|Any CPU.Build.0 = Debug|Any CPU
		{01BDBF44-6126-44CC-A251-B6E91E9290F9}.Release|Any CPU.ActiveCfg = Release|Any CPU
		{01BDBF44-6126-44CC-A251-B6E91E9290F9}.Release|Any CPU.Build.0 = Release|Any CPU
		{26906EA2-D01F-4ABD-9F97-46E77531AFF5}.Debug|Any CPU.ActiveCfg = Debug|Any CPU
		{26906EA2-D01F-4ABD-9F97-46E77531AFF5}.Debug|Any CPU.Build.0 = Debug|Any CPU
		{26906EA2-D01F-4ABD-9F97-46E77531AFF5}.Release|Any CPU.ActiveCfg = Release|Any CPU
		{26906EA2-D01F-4ABD-9F97-46E77531AFF5}.Release|Any CPU.Build.0 = Release|Any CPU
	EndGlobalSection
EndGlobal
